
Microsoft Visual Studio Solution File, Format Version 12.00
# Visual Studio Version 16
VisualStudioVersion = 16.0.32413.511
MinimumVisualStudioVersion = 10.0.40219.1
Project("{9A19103F-16F7-4668-BE54-9A1E7A4F7556}") = "InventorySystem", "InventorySystem.csproj", "{B2A9E775-B92A-4226-91AC-CF4942158D50}"
EndProject
Global
	GlobalSection(SolutionConfigurationPlatforms) = preSolution
		Debug|Any CPU = Debug|Any CPU
		Release|Any CPU = Release|Any CPU
	EndGlobalSection
	GlobalSection(ProjectConfigurationPlatforms) = postSolution
		{B2A9E775-B92A-4226-91AC-CF4942158D50}.Debug|Any CPU.ActiveCfg = Debug|Any CPU
		{B2A9E775-B92A-4226-91AC-CF4942158D50}.Debug|Any CPU.Build.0 = Debug|Any CPU
		{B2A9E775-B92A-4226-91AC-CF4942158D50}.Release|Any CPU.ActiveCfg = Release|Any CPU
		{B2A9E775-B92A-4226-91AC-CF4942158D50}.Release|Any CPU.Build.0 = Release|Any CPU
	EndGlobalSection
	GlobalSection(SolutionProperties) = preSolution
		HideSolutionNode = FALSE
	EndGlobalSection
	GlobalSection(ExtensibilityGlobals) = postSolution
		SolutionGuid = {BC3618A5-EE50-4F8F-9F2D-92254B972376}
	EndGlobalSection
EndGlobal
